
Microsoft Visual Studio Solution File, Format Version 12.00
# Visual Studio Version 16
VisualStudioVersion = 16.0.31911.196
MinimumVisualStudioVersion = 10.0.40219.1
Project("{9A19103F-16F7-4668-BE54-9A1E7A4F7556}") = "ProvaWeatherTest", "..\ProvaWeatherTest\ProvaWeatherTest\ProvaWeatherTest.csproj", "{E1BDF40C-A759-433D-9BC1-D74E437BB035}"
EndProject
Project("{9A19103F-16F7-4668-BE54-9A1E7A4F7556}") = "Test", "..\ProvaWeatherTest\Test\Test.csproj", "{5E7CC2CB-53D8-498F-90DB-D533839D7D7A}"
EndProject
Global
	GlobalSection(SolutionConfigurationPlatforms) = preSolution
		Debug|Any CPU = Debug|Any CPU
		Release|Any CPU = Release|Any CPU
	EndGlobalSection
	GlobalSection(ProjectConfigurationPlatforms) = postSolution
		{E1BDF40C-A759-433D-9BC1-D74E437BB035}.Debug|Any CPU.ActiveCfg = Debug|Any CPU
		{E1BDF40C-A759-433D-9BC1-D74E437BB035}.Debug|Any CPU.Build.0 = Debug|Any CPU
		{E1BDF40C-A759-433D-9BC1-D74E437BB035}.Release|Any CPU.ActiveCfg = Release|Any CPU
		{E1BDF40C-A759-433D-9BC1-D74E437BB035}.Release|Any CPU.Build.0 = Release|Any CPU
		{5E7CC2CB-53D8-498F-90DB-D533839D7D7A}.Debug|Any CPU.ActiveCfg = Debug|Any CPU
		{5E7CC2CB-53D8-498F-90DB-D533839D7D7A}.Debug|Any CPU.Build.0 = Debug|Any CPU
		{5E7CC2CB-53D8-498F-90DB-D533839D7D7A}.Release|Any CPU.ActiveCfg = Release|Any CPU
		{5E7CC2CB-53D8-498F-90DB-D533839D7D7A}.Release|Any CPU.Build.0 = Release|Any CPU
	EndGlobalSection
	GlobalSection(SolutionProperties) = preSolution
		HideSolutionNode = FALSE
	EndGlobalSection
	GlobalSection(ExtensibilityGlobals) = postSolution
		SolutionGuid = {A693B74C-BA42-4911-AEB5-AD9D6553C8C4}
	EndGlobalSection
EndGlobal
