
Microsoft Visual Studio Solution File, Format Version 12.00
# Visual Studio Version 16
VisualStudioVersion = 16.0.31911.196
MinimumVisualStudioVersion = 10.0.40219.1
Project("{FAE04EC0-301F-11D3-BF4B-00C04F79EFBC}") = "ProvaWeatherTest", "ProvaWeatherTest\ProvaWeatherTest.csproj", "{2A027ADA-2CD3-4184-91E9-ABD86943C391}"
EndProject
Project("{FAE04EC0-301F-11D3-BF4B-00C04F79EFBC}") = "Test", "Test\Test.csproj", "{7A60B832-388B-46F1-AD4C-0E0AF636E99E}"
EndProject
Global
	GlobalSection(SolutionConfigurationPlatforms) = preSolution
		Debug|Any CPU = Debug|Any CPU
		Release|Any CPU = Release|Any CPU
	EndGlobalSection
	GlobalSection(ProjectConfigurationPlatforms) = postSolution
		{2A027ADA-2CD3-4184-91E9-ABD86943C391}.Debug|Any CPU.ActiveCfg = Debug|Any CPU
		{2A027ADA-2CD3-4184-91E9-ABD86943C391}.Debug|Any CPU.Build.0 = Debug|Any CPU
		{2A027ADA-2CD3-4184-91E9-ABD86943C391}.Release|Any CPU.ActiveCfg = Release|Any CPU
		{2A027ADA-2CD3-4184-91E9-ABD86943C391}.Release|Any CPU.Build.0 = Release|Any CPU
		{7A60B832-388B-46F1-AD4C-0E0AF636E99E}.Debug|Any CPU.ActiveCfg = Debug|Any CPU
		{7A60B832-388B-46F1-AD4C-0E0AF636E99E}.Debug|Any CPU.Build.0 = Debug|Any CPU
		{7A60B832-388B-46F1-AD4C-0E0AF636E99E}.Release|Any CPU.ActiveCfg = Release|Any CPU
		{7A60B832-388B-46F1-AD4C-0E0AF636E99E}.Release|Any CPU.Build.0 = Release|Any CPU
	EndGlobalSection
	GlobalSection(SolutionProperties) = preSolution
		HideSolutionNode = FALSE
	EndGlobalSection
	GlobalSection(ExtensibilityGlobals) = postSolution
		SolutionGuid = {D1344477-12D8-430A-9EF6-B7E50051AFB6}
	EndGlobalSection
EndGlobal
